
Microsoft Visual Studio Solution File, Format Version 12.00
# Visual Studio 15
VisualStudioVersion = 15.0.28307.852
MinimumVisualStudioVersion = 10.0.40219.1
Project("{8BC9CEB8-8B4A-11D0-8D11-00A0C91BC942}") = "cg_client", "cg_client\cg_client.vcxproj", "{2F84EFFC-FDE2-450A-9B06-EFCAE9B6468A}"
EndProject
Project("{8BC9CEB8-8B4A-11D0-8D11-00A0C91BC942}") = "cg_engine", "cg_engine\cg_engine.vcxproj", "{AA27E8A1-DD5E-41BE-A90B-018E85B60755}"
EndProject
Global
	GlobalSection(SolutionConfigurationPlatforms) = preSolution
		Debug|x64 = Debug|x64
		Debug|x86 = Debug|x86
		Release|x64 = Release|x64
		Release|x86 = Release|x86
	EndGlobalSection
	GlobalSection(ProjectConfigurationPlatforms) = postSolution
		{2F84EFFC-FDE2-450A-9B06-EFCAE9B6468A}.Debug|x64.ActiveCfg = Debug|x64
		{2F84EFFC-FDE2-450A-9B06-EFCAE9B6468A}.Debug|x64.Build.0 = Debug|x64
		{2F84EFFC-FDE2-450A-9B06-EFCAE9B6468A}.Debug|x86.ActiveCfg = Debug|Win32
		{2F84EFFC-FDE2-450A-9B06-EFCAE9B6468A}.Debug|x86.Build.0 = Debug|Win32
		{2F84EFFC-FDE2-450A-9B06-EFCAE9B6468A}.Release|x64.ActiveCfg = Release|x64
		{2F84EFFC-FDE2-450A-9B06-EFCAE9B6468A}.Release|x64.Build.0 = Release|x64
		{2F84EFFC-FDE2-450A-9B06-EFCAE9B6468A}.Release|x86.ActiveCfg = Release|Win32
		{2F84EFFC-FDE2-450A-9B06-EFCAE9B6468A}.Release|x86.Build.0 = Release|Win32
		{AA27E8A1-DD5E-41BE-A90B-018E85B60755}.Debug|x64.ActiveCfg = Debug|x64
		{AA27E8A1-DD5E-41BE-A90B-018E85B60755}.Debug|x64.Build.0 = Debug|x64
		{AA27E8A1-DD5E-41BE-A90B-018E85B60755}.Debug|x86.ActiveCfg = Debug|Win32
		{AA27E8A1-DD5E-41BE-A90B-018E85B60755}.Debug|x86.Build.0 = Debug|Win32
		{AA27E8A1-DD5E-41BE-A90B-018E85B60755}.Release|x64.ActiveCfg = Release|x64
		{AA27E8A1-DD5E-41BE-A90B-018E85B60755}.Release|x64.Build.0 = Release|x64
		{AA27E8A1-DD5E-41BE-A90B-018E85B60755}.Release|x86.ActiveCfg = Release|Win32
		{AA27E8A1-DD5E-41BE-A90B-018E85B60755}.Release|x86.Build.0 = Release|Win32
	EndGlobalSection
	GlobalSection(SolutionProperties) = preSolution
		HideSolutionNode = FALSE
	EndGlobalSection
	GlobalSection(ExtensibilityGlobals) = postSolution
		SolutionGuid = {8E434804-8C05-4932-8BFE-2FB30AECF508}
	EndGlobalSection
EndGlobal
